// !$*UTF8*$!
{
	archiveVersion = 1;
	classes = {
	};
	objectVersion = 46;
	objects = {

/* Begin PBXBuildFile section */
		247B1BA81C529EE00065306B /* command_factory.cpp in Sources */ = {isa = PBXBuildFile; fileRef = 247B1B901C529EE00065306B /* command_factory.cpp */; };
		247B1BA91C529EE00065306B /* indexing_file.cpp in Sources */ = {isa = PBXBuildFile; fileRef = 247B1B961C529EE00065306B /* indexing_file.cpp */; };
		247B1BAA1C529EE00065306B /* input_model.cpp in Sources */ = {isa = PBXBuildFile; fileRef = 247B1B981C529EE00065306B /* input_model.cpp */; };
		247B1BAB1C529EE00065306B /* input_parser.cpp in Sources */ = {isa = PBXBuildFile; fileRef = 247B1B9A1C529EE00065306B /* input_parser.cpp */; };
		247B1BAC1C529EE00065306B /* lz78_algorithm.cpp in Sources */ = {isa = PBXBuildFile; fileRef = 247B1B9C1C529EE00065306B /* lz78_algorithm.cpp */; };
		247B1BAD1C529EE00065306B /* main.cpp in Sources */ = {isa = PBXBuildFile; fileRef = 247B1B9E1C529EE00065306B /* main.cpp */; };
		247B1BAE1C529EE00065306B /* Makefile in Sources */ = {isa = PBXBuildFile; fileRef = 247B1B9F1C529EE00065306B /* Makefile */; };
		247B1BAF1C529EE00065306B /* manipulation_file.cpp in Sources */ = {isa = PBXBuildFile; fileRef = 247B1BA01C529EE00065306B /* manipulation_file.cpp */; };
		247B1BB01C529EE00065306B /* search_file.cpp in Sources */ = {isa = PBXBuildFile; fileRef = 247B1BA21C529EE00065306B /* search_file.cpp */; };
		247B1BB11C529EE00065306B /* search_result.cpp in Sources */ = {isa = PBXBuildFile; fileRef = 247B1BA41C529EE00065306B /* search_result.cpp */; };
		247B1BB21C529EE00065306B /* suffix_array_algorithm.cpp in Sources */ = {isa = PBXBuildFile; fileRef = 247B1BA61C529EE00065306B /* suffix_array_algorithm.cpp */; };
/* End PBXBuildFile section */

/* Begin PBXCopyFilesBuildPhase section */
		247B1B831C529EC40065306B /* CopyFiles */ = {
			isa = PBXCopyFilesBuildPhase;
			buildActionMask = 2147483647;
			dstPath = /usr/share/man/man1/;
			dstSubfolderSpec = 0;
			files = (
			);
			runOnlyForDeploymentPostprocessing = 1;
		};
/* End PBXCopyFilesBuildPhase section */

/* Begin PBXFileReference section */
		247B1B851C529EC40065306B /* ipm-xcode */ = {isa = PBXFileReference; explicitFileType = "compiled.mach-o.executable"; includeInIndex = 0; path = "ipm-xcode"; sourceTree = BUILT_PRODUCTS_DIR; };
		247B1B8F1C529EE00065306B /* benchmark.hpp */ = {isa = PBXFileReference; fileEncoding = 4; lastKnownFileType = sourcecode.cpp.h; name = benchmark.hpp; path = ../../src/benchmark.hpp; sourceTree = "<group>"; };
		247B1B901C529EE00065306B /* command_factory.cpp */ = {isa = PBXFileReference; fileEncoding = 4; lastKnownFileType = sourcecode.cpp.cpp; name = command_factory.cpp; path = ../../src/command_factory.cpp; sourceTree = "<group>"; };
		247B1B911C529EE00065306B /* command_factory.hpp */ = {isa = PBXFileReference; fileEncoding = 4; lastKnownFileType = sourcecode.cpp.h; name = command_factory.hpp; path = ../../src/command_factory.hpp; sourceTree = "<group>"; };
		247B1B921C529EE00065306B /* command.hpp */ = {isa = PBXFileReference; fileEncoding = 4; lastKnownFileType = sourcecode.cpp.h; name = command.hpp; path = ../../src/command.hpp; sourceTree = "<group>"; };
		247B1B931C529EE00065306B /* error.hpp */ = {isa = PBXFileReference; fileEncoding = 4; lastKnownFileType = sourcecode.cpp.h; name = error.hpp; path = ../../src/error.hpp; sourceTree = "<group>"; };
		247B1B941C529EE00065306B /* generic_compressor.hpp */ = {isa = PBXFileReference; fileEncoding = 4; lastKnownFileType = sourcecode.cpp.h; name = generic_compressor.hpp; path = ../../src/generic_compressor.hpp; sourceTree = "<group>"; };
		247B1B951C529EE00065306B /* generic_indexing.hpp */ = {isa = PBXFileReference; fileEncoding = 4; lastKnownFileType = sourcecode.cpp.h; name = generic_indexing.hpp; path = ../../src/generic_indexing.hpp; sourceTree = "<group>"; };
		247B1B961C529EE00065306B /* indexing_file.cpp */ = {isa = PBXFileReference; fileEncoding = 4; lastKnownFileType = sourcecode.cpp.cpp; name = indexing_file.cpp; path = ../../src/indexing_file.cpp; sourceTree = "<group>"; };
		247B1B971C529EE00065306B /* indexing_file.hpp */ = {isa = PBXFileReference; fileEncoding = 4; lastKnownFileType = sourcecode.cpp.h; name = indexing_file.hpp; path = ../../src/indexing_file.hpp; sourceTree = "<group>"; };
		247B1B981C529EE00065306B /* input_model.cpp */ = {isa = PBXFileReference; fileEncoding = 4; lastKnownFileType = sourcecode.cpp.cpp; name = input_model.cpp; path = ../../src/input_model.cpp; sourceTree = "<group>"; };
		247B1B991C529EE00065306B /* input_model.hpp */ = {isa = PBXFileReference; fileEncoding = 4; lastKnownFileType = sourcecode.cpp.h; name = input_model.hpp; path = ../../src/input_model.hpp; sourceTree = "<group>"; };
		247B1B9A1C529EE00065306B /* input_parser.cpp */ = {isa = PBXFileReference; fileEncoding = 4; lastKnownFileType = sourcecode.cpp.cpp; name = input_parser.cpp; path = ../../src/input_parser.cpp; sourceTree = "<group>"; };
		247B1B9B1C529EE00065306B /* input_parser.hpp */ = {isa = PBXFileReference; fileEncoding = 4; lastKnownFileType = sourcecode.cpp.h; name = input_parser.hpp; path = ../../src/input_parser.hpp; sourceTree = "<group>"; };
		247B1B9C1C529EE00065306B /* lz78_algorithm.cpp */ = {isa = PBXFileReference; fileEncoding = 4; lastKnownFileType = sourcecode.cpp.cpp; name = lz78_algorithm.cpp; path = ../../src/lz78_algorithm.cpp; sourceTree = "<group>"; };
		247B1B9D1C529EE00065306B /* lz78_algorithm.hpp */ = {isa = PBXFileReference; fileEncoding = 4; lastKnownFileType = sourcecode.cpp.h; name = lz78_algorithm.hpp; path = ../../src/lz78_algorithm.hpp; sourceTree = "<group>"; };
		247B1B9E1C529EE00065306B /* main.cpp */ = {isa = PBXFileReference; fileEncoding = 4; lastKnownFileType = sourcecode.cpp.cpp; name = main.cpp; path = ../../src/main.cpp; sourceTree = "<group>"; };
		247B1B9F1C529EE00065306B /* Makefile */ = {isa = PBXFileReference; fileEncoding = 4; lastKnownFileType = sourcecode.make; name = Makefile; path = ../../src/Makefile; sourceTree = "<group>"; };
		247B1BA01C529EE00065306B /* manipulation_file.cpp */ = {isa = PBXFileReference; fileEncoding = 4; lastKnownFileType = sourcecode.cpp.cpp; name = manipulation_file.cpp; path = ../../src/manipulation_file.cpp; sourceTree = "<group>"; };
		247B1BA11C529EE00065306B /* manipulation_file.hpp */ = {isa = PBXFileReference; fileEncoding = 4; lastKnownFileType = sourcecode.cpp.h; name = manipulation_file.hpp; path = ../../src/manipulation_file.hpp; sourceTree = "<group>"; };
		247B1BA21C529EE00065306B /* search_file.cpp */ = {isa = PBXFileReference; fileEncoding = 4; lastKnownFileType = sourcecode.cpp.cpp; name = search_file.cpp; path = ../../src/search_file.cpp; sourceTree = "<group>"; };
		247B1BA31C529EE00065306B /* search_file.hpp */ = {isa = PBXFileReference; fileEncoding = 4; lastKnownFileType = sourcecode.cpp.h; name = search_file.hpp; path = ../../src/search_file.hpp; sourceTree = "<group>"; };
		247B1BA41C529EE00065306B /* search_result.cpp */ = {isa = PBXFileReference; fileEncoding = 4; lastKnownFileType = sourcecode.cpp.cpp; name = search_result.cpp; path = ../../src/search_result.cpp; sourceTree = "<group>"; };
		247B1BA51C529EE00065306B /* search_result.hpp */ = {isa = PBXFileReference; fileEncoding = 4; lastKnownFileType = sourcecode.cpp.h; name = search_result.hpp; path = ../../src/search_result.hpp; sourceTree = "<group>"; };
		247B1BA61C529EE00065306B /* suffix_array_algorithm.cpp */ = {isa = PBXFileReference; fileEncoding = 4; lastKnownFileType = sourcecode.cpp.cpp; name = suffix_array_algorithm.cpp; path = ../../src/suffix_array_algorithm.cpp; sourceTree = "<group>"; };
		247B1BA71C529EE00065306B /* suffix_array_algorithm.hpp */ = {isa = PBXFileReference; fileEncoding = 4; lastKnownFileType = sourcecode.cpp.h; name = suffix_array_algorithm.hpp; path = ../../src/suffix_array_algorithm.hpp; sourceTree = "<group>"; };
/* End PBXFileReference section */

/* Begin PBXFrameworksBuildPhase section */
		247B1B821C529EC40065306B /* Frameworks */ = {
			isa = PBXFrameworksBuildPhase;
			buildActionMask = 2147483647;
			files = (
			);
			runOnlyForDeploymentPostprocessing = 0;
		};
/* End PBXFrameworksBuildPhase section */

/* Begin PBXGroup section */
		247B1B7C1C529EC30065306B = {
			isa = PBXGroup;
			children = (
				247B1B871C529EC40065306B /* ipm-xcode */,
				247B1B861C529EC40065306B /* Products */,
			);
			sourceTree = "<group>";
		};
		247B1B861C529EC40065306B /* Products */ = {
			isa = PBXGroup;
			children = (
				247B1B851C529EC40065306B /* ipm-xcode */,
			);
			name = Products;
			sourceTree = "<group>";
		};
		247B1B871C529EC40065306B /* ipm-xcode */ = {
			isa = PBXGroup;
			children = (
				247B1B8F1C529EE00065306B /* benchmark.hpp */,
				247B1B901C529EE00065306B /* command_factory.cpp */,
				247B1B911C529EE00065306B /* command_factory.hpp */,
				247B1B921C529EE00065306B /* command.hpp */,
				247B1B931C529EE00065306B /* error.hpp */,
				247B1B941C529EE00065306B /* generic_compressor.hpp */,
				247B1B951C529EE00065306B /* generic_indexing.hpp */,
				247B1B961C529EE00065306B /* indexing_file.cpp */,
				247B1B971C529EE00065306B /* indexing_file.hpp */,
				247B1B981C529EE00065306B /* input_model.cpp */,
				247B1B991C529EE00065306B /* input_model.hpp */,
				247B1B9A1C529EE00065306B /* input_parser.cpp */,
				247B1B9B1C529EE00065306B /* input_parser.hpp */,
				247B1B9C1C529EE00065306B /* lz78_algorithm.cpp */,
				247B1B9D1C529EE00065306B /* lz78_algorithm.hpp */,
				247B1B9E1C529EE00065306B /* main.cpp */,
				247B1B9F1C529EE00065306B /* Makefile */,
				247B1BA01C529EE00065306B /* manipulation_file.cpp */,
				247B1BA11C529EE00065306B /* manipulation_file.hpp */,
				247B1BA21C529EE00065306B /* search_file.cpp */,
				247B1BA31C529EE00065306B /* search_file.hpp */,
				247B1BA41C529EE00065306B /* search_result.cpp */,
				247B1BA51C529EE00065306B /* search_result.hpp */,
				247B1BA61C529EE00065306B /* suffix_array_algorithm.cpp */,
				247B1BA71C529EE00065306B /* suffix_array_algorithm.hpp */,
			);
			path = "ipm-xcode";
			sourceTree = "<group>";
		};
/* End PBXGroup section */

/* Begin PBXNativeTarget section */
		247B1B841C529EC40065306B /* ipm-xcode */ = {
			isa = PBXNativeTarget;
			buildConfigurationList = 247B1B8C1C529EC40065306B /* Build configuration list for PBXNativeTarget "ipm-xcode" */;
			buildPhases = (
				247B1B811C529EC40065306B /* Sources */,
				247B1B821C529EC40065306B /* Frameworks */,
				247B1B831C529EC40065306B /* CopyFiles */,
			);
			buildRules = (
			);
			dependencies = (
			);
			name = "ipm-xcode";
			productName = "ipm-xcode";
			productReference = 247B1B851C529EC40065306B /* ipm-xcode */;
			productType = "com.apple.product-type.tool";
		};
/* End PBXNativeTarget section */

/* Begin PBXProject section */
		247B1B7D1C529EC30065306B /* Project object */ = {
			isa = PBXProject;
			attributes = {
				LastUpgradeCheck = 0720;
				ORGANIZATIONNAME = tmbs;
				TargetAttributes = {
					247B1B841C529EC40065306B = {
						CreatedOnToolsVersion = 7.2;
					};
				};
			};
			buildConfigurationList = 247B1B801C529EC30065306B /* Build configuration list for PBXProject "ipm-xcode" */;
			compatibilityVersion = "Xcode 3.2";
			developmentRegion = English;
			hasScannedForEncodings = 0;
			knownRegions = (
				en,
			);
			mainGroup = 247B1B7C1C529EC30065306B;
			productRefGroup = 247B1B861C529EC40065306B /* Products */;
			projectDirPath = "";
			projectRoot = "";
			targets = (
				247B1B841C529EC40065306B /* ipm-xcode */,
			);
		};
/* End PBXProject section */

/* Begin PBXSourcesBuildPhase section */
		247B1B811C529EC40065306B /* Sources */ = {
			isa = PBXSourcesBuildPhase;
			buildActionMask = 2147483647;
			files = (
				247B1BAA1C529EE00065306B /* input_model.cpp in Sources */,
				247B1BB21C529EE00065306B /* suffix_array_algorithm.cpp in Sources */,
				247B1BAB1C529EE00065306B /* input_parser.cpp in Sources */,
				247B1BAD1C529EE00065306B /* main.cpp in Sources */,
				247B1BB01C529EE00065306B /* search_file.cpp in Sources */,
				247B1BAC1C529EE00065306B /* lz78_algorithm.cpp in Sources */,
				247B1BA81C529EE00065306B /* command_factory.cpp in Sources */,
				247B1BB11C529EE00065306B /* search_result.cpp in Sources */,
				247B1BAE1C529EE00065306B /* Makefile in Sources */,
				247B1BAF1C529EE00065306B /* manipulation_file.cpp in Sources */,
				247B1BA91C529EE00065306B /* indexing_file.cpp in Sources */,
			);
			runOnlyForDeploymentPostprocessing = 0;
		};
/* End PBXSourcesBuildPhase section */

/* Begin XCBuildConfiguration section */
		247B1B8A1C529EC40065306B /* Debug */ = {
			isa = XCBuildConfiguration;
			buildSettings = {
				ALWAYS_SEARCH_USER_PATHS = NO;
				CLANG_CXX_LANGUAGE_STANDARD = "gnu++0x";
				CLANG_CXX_LIBRARY = "libc++";
				CLANG_ENABLE_MODULES = YES;
				CLANG_ENABLE_OBJC_ARC = YES;
				CLANG_WARN_BOOL_CONVERSION = YES;
				CLANG_WARN_CONSTANT_CONVERSION = YES;
				CLANG_WARN_DIRECT_OBJC_ISA_USAGE = YES_ERROR;
				CLANG_WARN_EMPTY_BODY = YES;
				CLANG_WARN_ENUM_CONVERSION = YES;
				CLANG_WARN_INT_CONVERSION = YES;
				CLANG_WARN_OBJC_ROOT_CLASS = YES_ERROR;
				CLANG_WARN_UNREACHABLE_CODE = YES;
				CLANG_WARN__DUPLICATE_METHOD_MATCH = YES;
				CODE_SIGN_IDENTITY = "-";
				COPY_PHASE_STRIP = NO;
				DEBUG_INFORMATION_FORMAT = dwarf;
				ENABLE_STRICT_OBJC_MSGSEND = YES;
				ENABLE_TESTABILITY = YES;
				GCC_C_LANGUAGE_STANDARD = gnu99;
				GCC_DYNAMIC_NO_PIC = NO;
				GCC_NO_COMMON_BLOCKS = YES;
				GCC_OPTIMIZATION_LEVEL = 0;
				GCC_PREPROCESSOR_DEFINITIONS = (
					"DEBUG=1",
					"$(inherited)",
				);
				GCC_WARN_64_TO_32_BIT_CONVERSION = YES;
				GCC_WARN_ABOUT_RETURN_TYPE = YES_ERROR;
				GCC_WARN_UNDECLARED_SELECTOR = YES;
				GCC_WARN_UNINITIALIZED_AUTOS = YES_AGGRESSIVE;
				GCC_WARN_UNUSED_FUNCTION = YES;
				GCC_WARN_UNUSED_VARIABLE = YES;
				MACOSX_DEPLOYMENT_TARGET = 10.11;
				MTL_ENABLE_DEBUG_INFO = YES;
				ONLY_ACTIVE_ARCH = YES;
				SDKROOT = macosx;
			};
			name = Debug;
		};
		247B1B8B1C529EC40065306B /* Release */ = {
			isa = XCBuildConfiguration;
			buildSettings = {
				ALWAYS_SEARCH_USER_PATHS = NO;
				CLANG_CXX_LANGUAGE_STANDARD = "gnu++0x";
				CLANG_CXX_LIBRARY = "libc++";
				CLANG_ENABLE_MODULES = YES;
				CLANG_ENABLE_OBJC_ARC = YES;
				CLANG_WARN_BOOL_CONVERSION = YES;
				CLANG_WARN_CONSTANT_CONVERSION = YES;
				CLANG_WARN_DIRECT_OBJC_ISA_USAGE = YES_ERROR;
				CLANG_WARN_EMPTY_BODY = YES;
				CLANG_WARN_ENUM_CONVERSION = YES;
				CLANG_WARN_INT_CONVERSION = YES;
				CLANG_WARN_OBJC_ROOT_CLASS = YES_ERROR;
				CLANG_WARN_UNREACHABLE_CODE = YES;
				CLANG_WARN__DUPLICATE_METHOD_MATCH = YES;
				CODE_SIGN_IDENTITY = "-";
				COPY_PHASE_STRIP = NO;
				DEBUG_INFORMATION_FORMAT = "dwarf-with-dsym";
				ENABLE_NS_ASSERTIONS = NO;
				ENABLE_STRICT_OBJC_MSGSEND = YES;
				GCC_C_LANGUAGE_STANDARD = gnu99;
				GCC_NO_COMMON_BLOCKS = YES;
				GCC_WARN_64_TO_32_BIT_CONVERSION = YES;
				GCC_WARN_ABOUT_RETURN_TYPE = YES_ERROR;
				GCC_WARN_UNDECLARED_SELECTOR = YES;
				GCC_WARN_UNINITIALIZED_AUTOS = YES_AGGRESSIVE;
				GCC_WARN_UNUSED_FUNCTION = YES;
				GCC_WARN_UNUSED_VARIABLE = YES;
				MACOSX_DEPLOYMENT_TARGET = 10.11;
				MTL_ENABLE_DEBUG_INFO = NO;
				SDKROOT = macosx;
			};
			name = Release;
		};
		247B1B8D1C529EC40065306B /* Debug */ = {
			isa = XCBuildConfiguration;
			buildSettings = {
				PRODUCT_NAME = "$(TARGET_NAME)";
			};
			name = Debug;
		};
		247B1B8E1C529EC40065306B /* Release */ = {
			isa = XCBuildConfiguration;
			buildSettings = {
				PRODUCT_NAME = "$(TARGET_NAME)";
			};
			name = Release;
		};
/* End XCBuildConfiguration section */

/* Begin XCConfigurationList section */
		247B1B801C529EC30065306B /* Build configuration list for PBXProject "ipm-xcode" */ = {
			isa = XCConfigurationList;
			buildConfigurations = (
				247B1B8A1C529EC40065306B /* Debug */,
				247B1B8B1C529EC40065306B /* Release */,
			);
			defaultConfigurationIsVisible = 0;
			defaultConfigurationName = Release;
		};
		247B1B8C1C529EC40065306B /* Build configuration list for PBXNativeTarget "ipm-xcode" */ = {
			isa = XCConfigurationList;
			buildConfigurations = (
				247B1B8D1C529EC40065306B /* Debug */,
				247B1B8E1C529EC40065306B /* Release */,
			);
			defaultConfigurationIsVisible = 0;
		};
/* End XCConfigurationList section */
	};
	rootObject = 247B1B7D1C529EC30065306B /* Project object */;
}
